
Microsoft Visual Studio Solution File, Format Version 12.00
# Visual Studio Version 17
VisualStudioVersion = 17.0.31903.59
MinimumVisualStudioVersion = 10.0.40219.1
Project("{FAE04EC0-301F-11D3-BF4B-00C04F79EFBC}") = "SocialMediaPost", "SocialMediaPost\SocialMediaPost.csproj", "{C77A38CB-5270-4A59-A2EA-C934C559434E}"
EndProject
Project("{FAE04EC0-301F-11D3-BF4B-00C04F79EFBC}") = "SocialMediaPost.Test", "SocialMediaPost.Test\SocialMediaPost.Test.csproj", "{5BEA8C54-5C43-4B3B-B8A5-8B027F52A84D}"
EndProject
Global
	GlobalSection(SolutionConfigurationPlatforms) = preSolution
		Debug|Any CPU = Debug|Any CPU
		Release|Any CPU = Release|Any CPU
	EndGlobalSection
	GlobalSection(SolutionProperties) = preSolution
		HideSolutionNode = FALSE
	EndGlobalSection
	GlobalSection(ProjectConfigurationPlatforms) = postSolution
		{C77A38CB-5270-4A59-A2EA-C934C559434E}.Debug|Any CPU.ActiveCfg = Debug|Any CPU
		{C77A38CB-5270-4A59-A2EA-C934C559434E}.Debug|Any CPU.Build.0 = Debug|Any CPU
		{C77A38CB-5270-4A59-A2EA-C934C559434E}.Release|Any CPU.ActiveCfg = Release|Any CPU
		{C77A38CB-5270-4A59-A2EA-C934C559434E}.Release|Any CPU.Build.0 = Release|Any CPU
		{5BEA8C54-5C43-4B3B-B8A5-8B027F52A84D}.Debug|Any CPU.ActiveCfg = Debug|Any CPU
		{5BEA8C54-5C43-4B3B-B8A5-8B027F52A84D}.Debug|Any CPU.Build.0 = Debug|Any CPU
		{5BEA8C54-5C43-4B3B-B8A5-8B027F52A84D}.Release|Any CPU.ActiveCfg = Release|Any CPU
		{5BEA8C54-5C43-4B3B-B8A5-8B027F52A84D}.Release|Any CPU.Build.0 = Release|Any CPU
	EndGlobalSection
EndGlobal
