
Microsoft Visual Studio Solution File, Format Version 12.00
# Visual Studio Version 17
VisualStudioVersion = 17.0.31903.59
MinimumVisualStudioVersion = 10.0.40219.1
Project("{FAE04EC0-301F-11D3-BF4B-00C04F79EFBC}") = "LoyalCustomers", "LoyalCustomers\LoyalCustomers.csproj", "{80CD9860-505B-4B47-BA24-FAF33EA4FFA2}"
EndProject
Project("{FAE04EC0-301F-11D3-BF4B-00C04F79EFBC}") = "LoyalCustomers.Test", "LoyalCustomers.Test\LoyalCustomers.Test.csproj", "{E956276D-148D-4DDD-9BEB-E36104E0DEFD}"
EndProject
Global
	GlobalSection(SolutionConfigurationPlatforms) = preSolution
		Debug|Any CPU = Debug|Any CPU
		Release|Any CPU = Release|Any CPU
	EndGlobalSection
	GlobalSection(SolutionProperties) = preSolution
		HideSolutionNode = FALSE
	EndGlobalSection
	GlobalSection(ProjectConfigurationPlatforms) = postSolution
		{80CD9860-505B-4B47-BA24-FAF33EA4FFA2}.Debug|Any CPU.ActiveCfg = Debug|Any CPU
		{80CD9860-505B-4B47-BA24-FAF33EA4FFA2}.Debug|Any CPU.Build.0 = Debug|Any CPU
		{80CD9860-505B-4B47-BA24-FAF33EA4FFA2}.Release|Any CPU.ActiveCfg = Release|Any CPU
		{80CD9860-505B-4B47-BA24-FAF33EA4FFA2}.Release|Any CPU.Build.0 = Release|Any CPU
		{E956276D-148D-4DDD-9BEB-E36104E0DEFD}.Debug|Any CPU.ActiveCfg = Debug|Any CPU
		{E956276D-148D-4DDD-9BEB-E36104E0DEFD}.Debug|Any CPU.Build.0 = Debug|Any CPU
		{E956276D-148D-4DDD-9BEB-E36104E0DEFD}.Release|Any CPU.ActiveCfg = Release|Any CPU
		{E956276D-148D-4DDD-9BEB-E36104E0DEFD}.Release|Any CPU.Build.0 = Release|Any CPU
	EndGlobalSection
EndGlobal
